Microsoft Visual Studio Solution File, Format Version 11.00
# Visual Studio 2008

Project("{D7B60999-8084-DB0E-9947-A92B1D4DD264}") = "SnakeTest", "Assembly-CSharp.csproj", "{5A2B2AB4-C6AA-1DA2-CDD4-219A61D68EB6}"
EndProject
Global
	GlobalSection(SolutionConfigurationPlatforms) = preSolution
		Debug|Any CPU = Debug|Any CPU
		Release|Any CPU = Release|Any CPU
	EndGlobalSection
	GlobalSection(ProjectConfigurationPlatforms) = postSolution
		{5A2B2AB4-C6AA-1DA2-CDD4-219A61D68EB6}.Debug|Any CPU.ActiveCfg = Debug|Any CPU
		{5A2B2AB4-C6AA-1DA2-CDD4-219A61D68EB6}.Debug|Any CPU.Build.0 = Debug|Any CPU
		{5A2B2AB4-C6AA-1DA2-CDD4-219A61D68EB6}.Release|Any CPU.ActiveCfg = Release|Any CPU
		{5A2B2AB4-C6AA-1DA2-CDD4-219A61D68EB6}.Release|Any CPU.Build.0 = Release|Any CPU
	EndGlobalSection
	GlobalSection(SolutionProperties) = preSolution
		HideSolutionNode = FALSE
	EndGlobalSection
	GlobalSection(MonoDevelopProperties) = preSolution
		Policies = $0
		$0.TextStylePolicy = $1
		$1.FileWidth = 120
		$1.inheritsSet = VisualStudio
		$1.inheritsScope = text/plain
		$1.scope = text/x-csharp
		$0.CSharpFormattingPolicy = $2
		$2.AfterDelegateDeclarationParameterComma = True
		$2.inheritsSet = Mono
		$2.inheritsScope = text/x-csharp
		$2.scope = text/x-csharp
	EndGlobalSection
EndGlobal
